
Microsoft Visual Studio Solution File, Format Version 12.00
# Visual Studio Version 17
VisualStudioVersion = 17.9.34714.143
MinimumVisualStudioVersion = 10.0.40219.1
Project("{9A19103F-16F7-4668-BE54-9A1E7A4F7556}") = "UnitGenius-GenerationService", "UnitGenius-GenerationService.csproj", "{7570A779-5A29-4F89-84DD-937B9486D095}"
EndProject
Project("{FAE04EC0-301F-11D3-BF4B-00C04F79EFBC}") = "UnitGenius-GenerationServiceTests", "..\UnitGenius-GenerationServiceTests\UnitGenius-GenerationServiceTests.csproj", "{743A26D5-5E8A-41C6-8A23-37A0F8897B04}"
EndProject
Global
	GlobalSection(SolutionConfigurationPlatforms) = preSolution
		Debug|Any CPU = Debug|Any CPU
		Release|Any CPU = Release|Any CPU
	EndGlobalSection
	GlobalSection(ProjectConfigurationPlatforms) = postSolution
		{7570A779-5A29-4F89-84DD-937B9486D095}.Debug|Any CPU.ActiveCfg = Debug|Any CPU
		{7570A779-5A29-4F89-84DD-937B9486D095}.Debug|Any CPU.Build.0 = Debug|Any CPU
		{7570A779-5A29-4F89-84DD-937B9486D095}.Release|Any CPU.ActiveCfg = Release|Any CPU
		{7570A779-5A29-4F89-84DD-937B9486D095}.Release|Any CPU.Build.0 = Release|Any CPU
		{743A26D5-5E8A-41C6-8A23-37A0F8897B04}.Debug|Any CPU.ActiveCfg = Debug|Any CPU
		{743A26D5-5E8A-41C6-8A23-37A0F8897B04}.Debug|Any CPU.Build.0 = Debug|Any CPU
		{743A26D5-5E8A-41C6-8A23-37A0F8897B04}.Release|Any CPU.ActiveCfg = Release|Any CPU
		{743A26D5-5E8A-41C6-8A23-37A0F8897B04}.Release|Any CPU.Build.0 = Release|Any CPU
	EndGlobalSection
	GlobalSection(SolutionProperties) = preSolution
		HideSolutionNode = FALSE
	EndGlobalSection
	GlobalSection(ExtensibilityGlobals) = postSolution
		SolutionGuid = {1DC2FE3C-A6C7-4617-BE06-92A6AB97A5C0}
	EndGlobalSection
EndGlobal
